// !$*UTF8*$!
{
	archiveVersion = 1;
	classes = {
	};
	objectVersion = 50;
	objects = {

/* Begin PBXBuildFile section */
		0420134622486C0C00FD4E1E /* AppDelegate.swift in Sources */ = {isa = PBXBuildFile; fileRef = 0420134522486C0C00FD4E1E /* AppDelegate.swift */; };
		0420134D22486C0F00FD4E1E /* Assets.xcassets in Resources */ = {isa = PBXBuildFile; fileRef = 0420134C22486C0F00FD4E1E /* Assets.xcassets */; };
		0420135022486C0F00FD4E1E /* LaunchScreen.storyboard in Resources */ = {isa = PBXBuildFile; fileRef = 0420134E22486C0F00FD4E1E /* LaunchScreen.storyboard */; };
		0420135B22486C0F00FD4E1E /* LifeCircleTests.swift in Sources */ = {isa = PBXBuildFile; fileRef = 0420135A22486C0F00FD4E1E /* LifeCircleTests.swift */; };
		0420136622486C0F00FD4E1E /* LifeCircleUITests.swift in Sources */ = {isa = PBXBuildFile; fileRef = 0420136522486C0F00FD4E1E /* LifeCircleUITests.swift */; };
		042013882248722500FD4E1E /* HYViewController.swift in Sources */ = {isa = PBXBuildFile; fileRef = 042013872248722500FD4E1E /* HYViewController.swift */; };
		0420138A2248723800FD4E1E /* HYNavigationController.swift in Sources */ = {isa = PBXBuildFile; fileRef = 042013892248723800FD4E1E /* HYNavigationController.swift */; };
		0420138C2248724B00FD4E1E /* HYMainViewController.swift in Sources */ = {isa = PBXBuildFile; fileRef = 0420138B2248724B00FD4E1E /* HYMainViewController.swift */; };
		0420138E224872B500FD4E1E /* HYHomeViewController.swift in Sources */ = {isa = PBXBuildFile; fileRef = 0420138D224872B500FD4E1E /* HYHomeViewController.swift */; };
		04201390224872BF00FD4E1E /* HYRoomViewController.swift in Sources */ = {isa = PBXBuildFile; fileRef = 0420138F224872BF00FD4E1E /* HYRoomViewController.swift */; };
		04201392224872C600FD4E1E /* HYSceneViewController.swift in Sources */ = {isa = PBXBuildFile; fileRef = 04201391224872C600FD4E1E /* HYSceneViewController.swift */; };
		04201394224872D200FD4E1E /* HYMineViewController.swift in Sources */ = {isa = PBXBuildFile; fileRef = 04201393224872D200FD4E1E /* HYMineViewController.swift */; };
		042013962248748D00FD4E1E /* Bundle + Extension.swift in Sources */ = {isa = PBXBuildFile; fileRef = 042013952248748D00FD4E1E /* Bundle + Extension.swift */; };
		042013982248772E00FD4E1E /* LoadNibView + protocol.swift in Sources */ = {isa = PBXBuildFile; fileRef = 042013972248772D00FD4E1E /* LoadNibView + protocol.swift */; };
		0420139A2248773E00FD4E1E /* PrintLog.swift in Sources */ = {isa = PBXBuildFile; fileRef = 042013992248773E00FD4E1E /* PrintLog.swift */; };
		0420139D2248774C00FD4E1E /* UIColor + Extension.swift in Sources */ = {isa = PBXBuildFile; fileRef = 0420139B2248774C00FD4E1E /* UIColor + Extension.swift */; };
		0420139E2248774C00FD4E1E /* UIView + Extension.swift in Sources */ = {isa = PBXBuildFile; fileRef = 0420139C2248774C00FD4E1E /* UIView + Extension.swift */; };
		042013A02248776500FD4E1E /* UIFont + Extension.swift in Sources */ = {isa = PBXBuildFile; fileRef = 0420139F2248776500FD4E1E /* UIFont + Extension.swift */; };
		042013A2224878D100FD4E1E /* UIButton + Extension.swift in Sources */ = {isa = PBXBuildFile; fileRef = 042013A1224878D100FD4E1E /* UIButton + Extension.swift */; };
		042013A422487BFE00FD4E1E /* colors.swift in Sources */ = {isa = PBXBuildFile; fileRef = 042013A322487BFE00FD4E1E /* colors.swift */; };
		042013AA224887D700FD4E1E /* HYNewFeaturesCollectionViewController.swift in Sources */ = {isa = PBXBuildFile; fileRef = 042013A9224887D700FD4E1E /* HYNewFeaturesCollectionViewController.swift */; };
		042013AC224887F700FD4E1E /* UIApplication + Extension.swift in Sources */ = {isa = PBXBuildFile; fileRef = 042013AB224887F700FD4E1E /* UIApplication + Extension.swift */; };
		042013AE2248A14900FD4E1E /* FileManager + Extension.swift in Sources */ = {isa = PBXBuildFile; fileRef = 042013AD2248A14900FD4E1E /* FileManager + Extension.swift */; };
		042013B62248AB7800FD4E1E /* HYNewFeaturesCollectionViewCell.swift in Sources */ = {isa = PBXBuildFile; fileRef = 042013B42248AB7800FD4E1E /* HYNewFeaturesCollectionViewCell.swift */; };
		042013B72248AB7800FD4E1E /* HYNewFeaturesCollectionViewCell.xib in Resources */ = {isa = PBXBuildFile; fileRef = 042013B52248AB7800FD4E1E /* HYNewFeaturesCollectionViewCell.xib */; };
/* End PBXBuildFile section */

/* Begin PBXContainerItemProxy section */
		0420135722486C0F00FD4E1E /* PBXContainerItemProxy */ = {
			isa = PBXContainerItemProxy;
			containerPortal = 0420133A22486C0C00FD4E1E /* Project object */;
			proxyType = 1;
			remoteGlobalIDString = 0420134122486C0C00FD4E1E;
			remoteInfo = LifeCircle;
		};
		0420136222486C0F00FD4E1E /* PBXContainerItemProxy */ = {
			isa = PBXContainerItemProxy;
			containerPortal = 0420133A22486C0C00FD4E1E /* Project object */;
			proxyType = 1;
			remoteGlobalIDString = 0420134122486C0C00FD4E1E;
			remoteInfo = LifeCircle;
		};
/* End PBXContainerItemProxy section */

/* Begin PBXFileReference section */
		0420134222486C0C00FD4E1E /* LifeCircle.app */ = {isa = PBXFileReference; explicitFileType = wrapper.application; includeInIndex = 0; path = LifeCircle.app; sourceTree = BUILT_PRODUCTS_DIR; };
		0420134522486C0C00FD4E1E /* AppDelegate.swift */ = {isa = PBXFileReference; lastKnownFileType = sourcecode.swift; path = AppDelegate.swift; sourceTree = "<group>"; };
		0420134C22486C0F00FD4E1E /* Assets.xcassets */ = {isa = PBXFileReference; lastKnownFileType = folder.assetcatalog; path = Assets.xcassets; sourceTree = "<group>"; };
		0420134F22486C0F00FD4E1E /* Base */ = {isa = PBXFileReference; lastKnownFileType = file.storyboard; name = Base; path = Base.lproj/LaunchScreen.storyboard; sourceTree = "<group>"; };
		0420135122486C0F00FD4E1E /* Info.plist */ = {isa = PBXFileReference; lastKnownFileType = text.plist.xml; path = Info.plist; sourceTree = "<group>"; };
		0420135622486C0F00FD4E1E /* LifeCircleTests.xctest */ = {isa = PBXFileReference; explicitFileType = wrapper.cfbundle; includeInIndex = 0; path = LifeCircleTests.xctest; sourceTree = BUILT_PRODUCTS_DIR; };
		0420135A22486C0F00FD4E1E /* LifeCircleTests.swift */ = {isa = PBXFileReference; lastKnownFileType = sourcecode.swift; path = LifeCircleTests.swift; sourceTree = "<group>"; };
		0420135C22486C0F00FD4E1E /* Info.plist */ = {isa = PBXFileReference; lastKnownFileType = text.plist.xml; path = Info.plist; sourceTree = "<group>"; };
		0420136122486C0F00FD4E1E /* LifeCircleUITests.xctest */ = {isa = PBXFileReference; explicitFileType = wrapper.cfbundle; includeInIndex = 0; path = LifeCircleUITests.xctest; sourceTree = BUILT_PRODUCTS_DIR; };
		0420136522486C0F00FD4E1E /* LifeCircleUITests.swift */ = {isa = PBXFileReference; lastKnownFileType = sourcecode.swift; path = LifeCircleUITests.swift; sourceTree = "<group>"; };
		0420136722486C0F00FD4E1E /* Info.plist */ = {isa = PBXFileReference; lastKnownFileType = text.plist.xml; path = Info.plist; sourceTree = "<group>"; };
		042013872248722500FD4E1E /* HYViewController.swift */ = {isa = PBXFileReference; lastKnownFileType = sourcecode.swift; path = HYViewController.swift; sourceTree = "<group>"; };
		042013892248723800FD4E1E /* HYNavigationController.swift */ = {isa = PBXFileReference; lastKnownFileType = sourcecode.swift; path = HYNavigationController.swift; sourceTree = "<group>"; };
		0420138B2248724B00FD4E1E /* HYMainViewController.swift */ = {isa = PBXFileReference; lastKnownFileType = sourcecode.swift; path = HYMainViewController.swift; sourceTree = "<group>"; };
		0420138D224872B500FD4E1E /* HYHomeViewController.swift */ = {isa = PBXFileReference; lastKnownFileType = sourcecode.swift; path = HYHomeViewController.swift; sourceTree = "<group>"; };
		0420138F224872BF00FD4E1E /* HYRoomViewController.swift */ = {isa = PBXFileReference; lastKnownFileType = sourcecode.swift; path = HYRoomViewController.swift; sourceTree = "<group>"; };
		04201391224872C600FD4E1E /* HYSceneViewController.swift */ = {isa = PBXFileReference; lastKnownFileType = sourcecode.swift; path = HYSceneViewController.swift; sourceTree = "<group>"; };
		04201393224872D200FD4E1E /* HYMineViewController.swift */ = {isa = PBXFileReference; lastKnownFileType = sourcecode.swift; path = HYMineViewController.swift; sourceTree = "<group>"; };
		042013952248748D00FD4E1E /* Bundle + Extension.swift */ = {isa = PBXFileReference; fileEncoding = 4; lastKnownFileType = sourcecode.swift; path = "Bundle + Extension.swift"; sourceTree = "<group>"; };
		042013972248772D00FD4E1E /* LoadNibView + protocol.swift */ = {isa = PBXFileReference; fileEncoding = 4; lastKnownFileType = sourcecode.swift; path = "LoadNibView + protocol.swift"; sourceTree = "<group>"; };
		042013992248773E00FD4E1E /* PrintLog.swift */ = {isa = PBXFileReference; fileEncoding = 4; lastKnownFileType = sourcecode.swift; path = PrintLog.swift; sourceTree = "<group>"; };
		0420139B2248774C00FD4E1E /* UIColor + Extension.swift */ = {isa = PBXFileReference; fileEncoding = 4; lastKnownFileType = sourcecode.swift; path = "UIColor + Extension.swift"; sourceTree = "<group>"; };
		0420139C2248774C00FD4E1E /* UIView + Extension.swift */ = {isa = PBXFileReference; fileEncoding = 4; lastKnownFileType = sourcecode.swift; path = "UIView + Extension.swift"; sourceTree = "<group>"; };
		0420139F2248776500FD4E1E /* UIFont + Extension.swift */ = {isa = PBXFileReference; fileEncoding = 4; lastKnownFileType = sourcecode.swift; path = "UIFont + Extension.swift"; sourceTree = "<group>"; };
		042013A1224878D100FD4E1E /* UIButton + Extension.swift */ = {isa = PBXFileReference; lastKnownFileType = sourcecode.swift; path = "UIButton + Extension.swift"; sourceTree = "<group>"; };
		042013A322487BFE00FD4E1E /* colors.swift */ = {isa = PBXFileReference; lastKnownFileType = sourcecode.swift; path = colors.swift; sourceTree = "<group>"; };
		042013A9224887D700FD4E1E /* HYNewFeaturesCollectionViewController.swift */ = {isa = PBXFileReference; lastKnownFileType = sourcecode.swift; path = HYNewFeaturesCollectionViewController.swift; sourceTree = "<group>"; };
		042013AB224887F700FD4E1E /* UIApplication + Extension.swift */ = {isa = PBXFileReference; lastKnownFileType = sourcecode.swift; path = "UIApplication + Extension.swift"; sourceTree = "<group>"; };
		042013AD2248A14900FD4E1E /* FileManager + Extension.swift */ = {isa = PBXFileReference; fileEncoding = 4; lastKnownFileType = sourcecode.swift; path = "FileManager + Extension.swift"; sourceTree = "<group>"; };
		042013B42248AB7800FD4E1E /* HYNewFeaturesCollectionViewCell.swift */ = {isa = PBXFileReference; lastKnownFileType = sourcecode.swift; path = HYNewFeaturesCollectionViewCell.swift; sourceTree = "<group>"; };
		042013B52248AB7800FD4E1E /* HYNewFeaturesCollectionViewCell.xib */ = {isa = PBXFileReference; lastKnownFileType = file.xib; path = HYNewFeaturesCollectionViewCell.xib; sourceTree = "<group>"; };
/* End PBXFileReference section */

/* Begin PBXFrameworksBuildPhase section */
		0420133F22486C0C00FD4E1E /* Frameworks */ = {
			isa = PBXFrameworksBuildPhase;
			buildActionMask = 2147483647;
			files = (
			);
			runOnlyForDeploymentPostprocessing = 0;
		};
		0420135322486C0F00FD4E1E /* Frameworks */ = {
			isa = PBXFrameworksBuildPhase;
			buildActionMask = 2147483647;
			files = (
			);
			runOnlyForDeploymentPostprocessing = 0;
		};
		0420135E22486C0F00FD4E1E /* Frameworks */ = {
			isa = PBXFrameworksBuildPhase;
			buildActionMask = 2147483647;
			files = (
			);
			runOnlyForDeploymentPostprocessing = 0;
		};
/* End PBXFrameworksBuildPhase section */

/* Begin PBXGroup section */
		0420133922486C0C00FD4E1E = {
			isa = PBXGroup;
			children = (
				0420134422486C0C00FD4E1E /* LifeCircle */,
				0420135922486C0F00FD4E1E /* LifeCircleTests */,
				0420136422486C0F00FD4E1E /* LifeCircleUITests */,
				0420134322486C0C00FD4E1E /* Products */,
			);
			sourceTree = "<group>";
		};
		0420134322486C0C00FD4E1E /* Products */ = {
			isa = PBXGroup;
			children = (
				0420134222486C0C00FD4E1E /* LifeCircle.app */,
				0420135622486C0F00FD4E1E /* LifeCircleTests.xctest */,
				0420136122486C0F00FD4E1E /* LifeCircleUITests.xctest */,
			);
			name = Products;
			sourceTree = "<group>";
		};
		0420134422486C0C00FD4E1E /* LifeCircle */ = {
			isa = PBXGroup;
			children = (
				04201376224871E600FD4E1E /* Classes */,
				04201375224870A100FD4E1E /* System */,
				0420135122486C0F00FD4E1E /* Info.plist */,
			);
			path = LifeCircle;
			sourceTree = "<group>";
		};
		0420135922486C0F00FD4E1E /* LifeCircleTests */ = {
			isa = PBXGroup;
			children = (
				0420135A22486C0F00FD4E1E /* LifeCircleTests.swift */,
				0420135C22486C0F00FD4E1E /* Info.plist */,
			);
			path = LifeCircleTests;
			sourceTree = "<group>";
		};
		0420136422486C0F00FD4E1E /* LifeCircleUITests */ = {
			isa = PBXGroup;
			children = (
				0420136522486C0F00FD4E1E /* LifeCircleUITests.swift */,
				0420136722486C0F00FD4E1E /* Info.plist */,
			);
			path = LifeCircleUITests;
			sourceTree = "<group>";
		};
		04201375224870A100FD4E1E /* System */ = {
			isa = PBXGroup;
			children = (
				0420134522486C0C00FD4E1E /* AppDelegate.swift */,
				0420134C22486C0F00FD4E1E /* Assets.xcassets */,
				0420134E22486C0F00FD4E1E /* LaunchScreen.storyboard */,
			);
			path = System;
			sourceTree = "<group>";
		};
		04201376224871E600FD4E1E /* Classes */ = {
			isa = PBXGroup;
			children = (
				0420137E224871E600FD4E1E /* Main */,
				04201377224871E600FD4E1E /* DataBase */,
				04201378224871E600FD4E1E /* Tools */,
				0420137D224871E600FD4E1E /* NetWork */,
			);
			path = Classes;
			sourceTree = "<group>";
		};
		04201377224871E600FD4E1E /* DataBase */ = {
			isa = PBXGroup;
			children = (
			);
			path = DataBase;
			sourceTree = "<group>";
		};
		04201378224871E600FD4E1E /* Tools */ = {
			isa = PBXGroup;
			children = (
				0420137B224871E600FD4E1E /* Common */,
				04201379224871E600FD4E1E /* Extension */,
				0420137A224871E600FD4E1E /* Protocol */,
				0420137C224871E600FD4E1E /* Additional */,
			);
			path = Tools;
			sourceTree = "<group>";
		};
		04201379224871E600FD4E1E /* Extension */ = {
			isa = PBXGroup;
			children = (
				042013952248748D00FD4E1E /* Bundle + Extension.swift */,
				042013AB224887F700FD4E1E /* UIApplication + Extension.swift */,
				0420139B2248774C00FD4E1E /* UIColor + Extension.swift */,
				0420139C2248774C00FD4E1E /* UIView + Extension.swift */,
				0420139F2248776500FD4E1E /* UIFont + Extension.swift */,
				042013A1224878D100FD4E1E /* UIButton + Extension.swift */,
				042013AD2248A14900FD4E1E /* FileManager + Extension.swift */,
			);
			path = Extension;
			sourceTree = "<group>";
		};
		0420137A224871E600FD4E1E /* Protocol */ = {
			isa = PBXGroup;
			children = (
				042013972248772D00FD4E1E /* LoadNibView + protocol.swift */,
			);
			path = Protocol;
			sourceTree = "<group>";
		};
		0420137B224871E600FD4E1E /* Common */ = {
			isa = PBXGroup;
			children = (
				042013A322487BFE00FD4E1E /* colors.swift */,
			);
			path = Common;
			sourceTree = "<group>";
		};
		0420137C224871E600FD4E1E /* Additional */ = {
			isa = PBXGroup;
			children = (
				042013992248773E00FD4E1E /* PrintLog.swift */,
			);
			path = Additional;
			sourceTree = "<group>";
		};
		0420137D224871E600FD4E1E /* NetWork */ = {
			isa = PBXGroup;
			children = (
			);
			path = NetWork;
			sourceTree = "<group>";
		};
		0420137E224871E600FD4E1E /* Main */ = {
			isa = PBXGroup;
			children = (
				042013A5224887BA00FD4E1E /* NewFeatures */,
				042013832248721300FD4E1E /* Main */,
				0420137F224871E600FD4E1E /* Home */,
				04201380224871E600FD4E1E /* Room */,
				04201382224871E600FD4E1E /* Scene */,
				04201381224871E600FD4E1E /* Mine */,
			);
			path = Main;
			sourceTree = "<group>";
		};
		0420137F224871E600FD4E1E /* Home */ = {
			isa = PBXGroup;
			children = (
				0420138D224872B500FD4E1E /* HYHomeViewController.swift */,
			);
			path = Home;
			sourceTree = "<group>";
		};
		04201380224871E600FD4E1E /* Room */ = {
			isa = PBXGroup;
			children = (
				0420138F224872BF00FD4E1E /* HYRoomViewController.swift */,
			);
			path = Room;
			sourceTree = "<group>";
		};
		04201381224871E600FD4E1E /* Mine */ = {
			isa = PBXGroup;
			children = (
				04201393224872D200FD4E1E /* HYMineViewController.swift */,
			);
			path = Mine;
			sourceTree = "<group>";
		};
		04201382224871E600FD4E1E /* Scene */ = {
			isa = PBXGroup;
			children = (
				04201391224872C600FD4E1E /* HYSceneViewController.swift */,
			);
			path = Scene;
			sourceTree = "<group>";
		};
		042013832248721300FD4E1E /* Main */ = {
			isa = PBXGroup;
			children = (
				042013862248721300FD4E1E /* View */,
				042013842248721300FD4E1E /* ViewModel */,
				042013852248721300FD4E1E /* Model */,
			);
			path = Main;
			sourceTree = "<group>";
		};
		042013842248721300FD4E1E /* ViewModel */ = {
			isa = PBXGroup;
			children = (
			);
			path = ViewModel;
			sourceTree = "<group>";
		};
		042013852248721300FD4E1E /* Model */ = {
			isa = PBXGroup;
			children = (
			);
			path = Model;
			sourceTree = "<group>";
		};
		042013862248721300FD4E1E /* View */ = {
			isa = PBXGroup;
			children = (
				042013872248722500FD4E1E /* HYViewController.swift */,
				042013892248723800FD4E1E /* HYNavigationController.swift */,
				0420138B2248724B00FD4E1E /* HYMainViewController.swift */,
			);
			path = View;
			sourceTree = "<group>";
		};
		042013A5224887BA00FD4E1E /* NewFeatures */ = {
			isa = PBXGroup;
			children = (
				042013A6224887BA00FD4E1E /* ViewModel */,
				042013A7224887BA00FD4E1E /* Model */,
				042013A8224887BA00FD4E1E /* View */,
			);
			path = NewFeatures;
			sourceTree = "<group>";
		};
		042013A6224887BA00FD4E1E /* ViewModel */ = {
			isa = PBXGroup;
			children = (
			);
			path = ViewModel;
			sourceTree = "<group>";
		};
		042013A7224887BA00FD4E1E /* Model */ = {
			isa = PBXGroup;
			children = (
			);
			path = Model;
			sourceTree = "<group>";
		};
		042013A8224887BA00FD4E1E /* View */ = {
			isa = PBXGroup;
			children = (
				042013A9224887D700FD4E1E /* HYNewFeaturesCollectionViewController.swift */,
				042013B32248AB5000FD4E1E /* NewFeaturesCell */,
			);
			path = View;
			sourceTree = "<group>";
		};
		042013B32248AB5000FD4E1E /* NewFeaturesCell */ = {
			isa = PBXGroup;
			children = (
				042013B42248AB7800FD4E1E /* HYNewFeaturesCollectionViewCell.swift */,
				042013B52248AB7800FD4E1E /* HYNewFeaturesCollectionViewCell.xib */,
			);
			path = NewFeaturesCell;
			sourceTree = "<group>";
		};
/* End PBXGroup section */

/* Begin PBXNativeTarget section */
		0420134122486C0C00FD4E1E /* LifeCircle */ = {
			isa = PBXNativeTarget;
			buildConfigurationList = 0420136A22486C0F00FD4E1E /* Build configuration list for PBXNativeTarget "LifeCircle" */;
			buildPhases = (
				0420133E22486C0C00FD4E1E /* Sources */,
				0420133F22486C0C00FD4E1E /* Frameworks */,
				0420134022486C0C00FD4E1E /* Resources */,
			);
			buildRules = (
			);
			dependencies = (
			);
			name = LifeCircle;
			productName = LifeCircle;
			productReference = 0420134222486C0C00FD4E1E /* LifeCircle.app */;
			productType = "com.apple.product-type.application";
		};
		0420135522486C0F00FD4E1E /* LifeCircleTests */ = {
			isa = PBXNativeTarget;
			buildConfigurationList = 0420136D22486C0F00FD4E1E /* Build configuration list for PBXNativeTarget "LifeCircleTests" */;
			buildPhases = (
				0420135222486C0F00FD4E1E /* Sources */,
				0420135322486C0F00FD4E1E /* Frameworks */,
				0420135422486C0F00FD4E1E /* Resources */,
			);
			buildRules = (
			);
			dependencies = (
				0420135822486C0F00FD4E1E /* PBXTargetDependency */,
			);
			name = LifeCircleTests;
			productName = LifeCircleTests;
			productReference = 0420135622486C0F00FD4E1E /* LifeCircleTests.xctest */;
			productType = "com.apple.product-type.bundle.unit-test";
		};
		0420136022486C0F00FD4E1E /* LifeCircleUITests */ = {
			isa = PBXNativeTarget;
			buildConfigurationList = 0420137022486C0F00FD4E1E /* Build configuration list for PBXNativeTarget "LifeCircleUITests" */;
			buildPhases = (
				0420135D22486C0F00FD4E1E /* Sources */,
				0420135E22486C0F00FD4E1E /* Frameworks */,
				0420135F22486C0F00FD4E1E /* Resources */,
			);
			buildRules = (
			);
			dependencies = (
				0420136322486C0F00FD4E1E /* PBXTargetDependency */,
			);
			name = LifeCircleUITests;
			productName = LifeCircleUITests;
			productReference = 0420136122486C0F00FD4E1E /* LifeCircleUITests.xctest */;
			productType = "com.apple.product-type.bundle.ui-testing";
		};
/* End PBXNativeTarget section */

/* Begin PBXProject section */
		0420133A22486C0C00FD4E1E /* Project object */ = {
			isa = PBXProject;
			attributes = {
				CLASSPREFIX = HY;
				LastSwiftUpdateCheck = 1010;
				LastUpgradeCheck = 1010;
				ORGANIZATIONNAME = Apple;
				TargetAttributes = {
					0420134122486C0C00FD4E1E = {
						CreatedOnToolsVersion = 10.1;
					};
					0420135522486C0F00FD4E1E = {
						CreatedOnToolsVersion = 10.1;
						TestTargetID = 0420134122486C0C00FD4E1E;
					};
					0420136022486C0F00FD4E1E = {
						CreatedOnToolsVersion = 10.1;
						TestTargetID = 0420134122486C0C00FD4E1E;
					};
				};
			};
			buildConfigurationList = 0420133D22486C0C00FD4E1E /* Build configuration list for PBXProject "LifeCircle" */;
			compatibilityVersion = "Xcode 9.3";
			developmentRegion = en;
			hasScannedForEncodings = 0;
			knownRegions = (
				en,
				Base,
			);
			mainGroup = 0420133922486C0C00FD4E1E;
			productRefGroup = 0420134322486C0C00FD4E1E /* Products */;
			projectDirPath = "";
			projectRoot = "";
			targets = (
				0420134122486C0C00FD4E1E /* LifeCircle */,
				0420135522486C0F00FD4E1E /* LifeCircleTests */,
				0420136022486C0F00FD4E1E /* LifeCircleUITests */,
			);
		};
/* End PBXProject section */

/* Begin PBXResourcesBuildPhase section */
		0420134022486C0C00FD4E1E /* Resources */ = {
			isa = PBXResourcesBuildPhase;
			buildActionMask = 2147483647;
			files = (
				042013B72248AB7800FD4E1E /* HYNewFeaturesCollectionViewCell.xib in Resources */,
				0420135022486C0F00FD4E1E /* LaunchScreen.storyboard in Resources */,
				0420134D22486C0F00FD4E1E /* Assets.xcassets in Resources */,
			);
			runOnlyForDeploymentPostprocessing = 0;
		};
		0420135422486C0F00FD4E1E /* Resources */ = {
			isa = PBXResourcesBuildPhase;
			buildActionMask = 2147483647;
			files = (
			);
			runOnlyForDeploymentPostprocessing = 0;
		};
		0420135F22486C0F00FD4E1E /* Resources */ = {
			isa = PBXResourcesBuildPhase;
			buildActionMask = 2147483647;
			files = (
			);
			runOnlyForDeploymentPostprocessing = 0;
		};
/* End PBXResourcesBuildPhase section */

/* Begin PBXSourcesBuildPhase section */
		0420133E22486C0C00FD4E1E /* Sources */ = {
			isa = PBXSourcesBuildPhase;
			buildActionMask = 2147483647;
			files = (
				0420138A2248723800FD4E1E /* HYNavigationController.swift in Sources */,
				0420138E224872B500FD4E1E /* HYHomeViewController.swift in Sources */,
				042013982248772E00FD4E1E /* LoadNibView + protocol.swift in Sources */,
				0420134622486C0C00FD4E1E /* AppDelegate.swift in Sources */,
				0420139A2248773E00FD4E1E /* PrintLog.swift in Sources */,
				042013B62248AB7800FD4E1E /* HYNewFeaturesCollectionViewCell.swift in Sources */,
				042013A2224878D100FD4E1E /* UIButton + Extension.swift in Sources */,
				042013962248748D00FD4E1E /* Bundle + Extension.swift in Sources */,
				0420138C2248724B00FD4E1E /* HYMainViewController.swift in Sources */,
				042013AA224887D700FD4E1E /* HYNewFeaturesCollectionViewController.swift in Sources */,
				04201392224872C600FD4E1E /* HYSceneViewController.swift in Sources */,
				042013A422487BFE00FD4E1E /* colors.swift in Sources */,
				042013AE2248A14900FD4E1E /* FileManager + Extension.swift in Sources */,
				04201390224872BF00FD4E1E /* HYRoomViewController.swift in Sources */,
				0420139E2248774C00FD4E1E /* UIView + Extension.swift in Sources */,
				0420139D2248774C00FD4E1E /* UIColor + Extension.swift in Sources */,
				04201394224872D200FD4E1E /* HYMineViewController.swift in Sources */,
				042013A02248776500FD4E1E /* UIFont + Extension.swift in Sources */,
				042013AC224887F700FD4E1E /* UIApplication + Extension.swift in Sources */,
				042013882248722500FD4E1E /* HYViewController.swift in Sources */,
			);
			runOnlyForDeploymentPostprocessing = 0;
		};
		0420135222486C0F00FD4E1E /* Sources */ = {
			isa = PBXSourcesBuildPhase;
			buildActionMask = 2147483647;
			files = (
				0420135B22486C0F00FD4E1E /* LifeCircleTests.swift in Sources */,
			);
			runOnlyForDeploymentPostprocessing = 0;
		};
		0420135D22486C0F00FD4E1E /* Sources */ = {
			isa = PBXSourcesBuildPhase;
			buildActionMask = 2147483647;
			files = (
				0420136622486C0F00FD4E1E /* LifeCircleUITests.swift in Sources */,
			);
			runOnlyForDeploymentPostprocessing = 0;
		};
/* End PBXSourcesBuildPhase section */

/* Begin PBXTargetDependency section */
		0420135822486C0F00FD4E1E /* PBXTargetDependency */ = {
			isa = PBXTargetDependency;
			target = 0420134122486C0C00FD4E1E /* LifeCircle */;
			targetProxy = 0420135722486C0F00FD4E1E /* PBXContainerItemProxy */;
		};
		0420136322486C0F00FD4E1E /* PBXTargetDependency */ = {
			isa = PBXTargetDependency;
			target = 0420134122486C0C00FD4E1E /* LifeCircle */;
			targetProxy = 0420136222486C0F00FD4E1E /* PBXContainerItemProxy */;
		};
/* End PBXTargetDependency section */

/* Begin PBXVariantGroup section */
		0420134E22486C0F00FD4E1E /* LaunchScreen.storyboard */ = {
			isa = PBXVariantGroup;
			children = (
				0420134F22486C0F00FD4E1E /* Base */,
			);
			name = LaunchScreen.storyboard;
			sourceTree = "<group>";
		};
/* End PBXVariantGroup section */

/* Begin XCBuildConfiguration section */
		0420136822486C0F00FD4E1E /* Debug */ = {
			isa = XCBuildConfiguration;
			buildSettings = {
				ALWAYS_SEARCH_USER_PATHS = NO;
				CLANG_ANALYZER_NONNULL = YES;
				CLANG_ANALYZER_NUMBER_OBJECT_CONVERSION = YES_AGGRESSIVE;
				CLANG_CXX_LANGUAGE_STANDARD = "gnu++14";
				CLANG_CXX_LIBRARY = "libc++";
				CLANG_ENABLE_MODULES = YES;
				CLANG_ENABLE_OBJC_ARC = YES;
				CLANG_ENABLE_OBJC_WEAK = YES;
				CLANG_WARN_BLOCK_CAPTURE_AUTORELEASING = YES;
				CLANG_WARN_BOOL_CONVERSION = YES;
				CLANG_WARN_COMMA = YES;
				CLANG_WARN_CONSTANT_CONVERSION = YES;
				CLANG_WARN_DEPRECATED_OBJC_IMPLEMENTATIONS = YES;
				CLANG_WARN_DIRECT_OBJC_ISA_USAGE = YES_ERROR;
				CLANG_WARN_DOCUMENTATION_COMMENTS = YES;
				CLANG_WARN_EMPTY_BODY = YES;
				CLANG_WARN_ENUM_CONVERSION = YES;
				CLANG_WARN_INFINITE_RECURSION = YES;
				CLANG_WARN_INT_CONVERSION = YES;
				CLANG_WARN_NON_LITERAL_NULL_CONVERSION = YES;
				CLANG_WARN_OBJC_IMPLICIT_RETAIN_SELF = YES;
				CLANG_WARN_OBJC_LITERAL_CONVERSION = YES;
				CLANG_WARN_OBJC_ROOT_CLASS = YES_ERROR;
				CLANG_WARN_RANGE_LOOP_ANALYSIS = YES;
				CLANG_WARN_STRICT_PROTOTYPES = YES;
				CLANG_WARN_SUSPICIOUS_MOVE = YES;
				CLANG_WARN_UNGUARDED_AVAILABILITY = YES_AGGRESSIVE;
				CLANG_WARN_UNREACHABLE_CODE = YES;
				CLANG_WARN__DUPLICATE_METHOD_MATCH = YES;
				CODE_SIGN_IDENTITY = "iPhone Developer";
				COPY_PHASE_STRIP = NO;
				DEBUG_INFORMATION_FORMAT = dwarf;
				ENABLE_STRICT_OBJC_MSGSEND = YES;
				ENABLE_TESTABILITY = YES;
				GCC_C_LANGUAGE_STANDARD = gnu11;
				GCC_DYNAMIC_NO_PIC = NO;
				GCC_NO_COMMON_BLOCKS = YES;
				GCC_OPTIMIZATION_LEVEL = 0;
				GCC_PREPROCESSOR_DEFINITIONS = (
					"DEBUG=1",
					"$(inherited)",
				);
				GCC_WARN_64_TO_32_BIT_CONVERSION = YES;
				GCC_WARN_ABOUT_RETURN_TYPE = YES_ERROR;
				GCC_WARN_UNDECLARED_SELECTOR = YES;
				GCC_WARN_UNINITIALIZED_AUTOS = YES_AGGRESSIVE;
				GCC_WARN_UNUSED_FUNCTION = YES;
				GCC_WARN_UNUSED_VARIABLE = YES;
				IPHONEOS_DEPLOYMENT_TARGET = 12.1;
				MTL_ENABLE_DEBUG_INFO = INCLUDE_SOURCE;
				MTL_FAST_MATH = YES;
				ONLY_ACTIVE_ARCH = YES;
				SDKROOT = iphoneos;
				SWIFT_ACTIVE_COMPILATION_CONDITIONS = DEBUG;
				SWIFT_OPTIMIZATION_LEVEL = "-Onone";
			};
			name = Debug;
		};
		0420136922486C0F00FD4E1E /* Release */ = {
			isa = XCBuildConfiguration;
			buildSettings = {
				ALWAYS_SEARCH_USER_PATHS = NO;
				CLANG_ANALYZER_NONNULL = YES;
				CLANG_ANALYZER_NUMBER_OBJECT_CONVERSION = YES_AGGRESSIVE;
				CLANG_CXX_LANGUAGE_STANDARD = "gnu++14";
				CLANG_CXX_LIBRARY = "libc++";
				CLANG_ENABLE_MODULES = YES;
				CLANG_ENABLE_OBJC_ARC = YES;
				CLANG_ENABLE_OBJC_WEAK = YES;
				CLANG_WARN_BLOCK_CAPTURE_AUTORELEASING = YES;
				CLANG_WARN_BOOL_CONVERSION = YES;
				CLANG_WARN_COMMA = YES;
				CLANG_WARN_CONSTANT_CONVERSION = YES;
				CLANG_WARN_DEPRECATED_OBJC_IMPLEMENTATIONS = YES;
				CLANG_WARN_DIRECT_OBJC_ISA_USAGE = YES_ERROR;
				CLANG_WARN_DOCUMENTATION_COMMENTS = YES;
				CLANG_WARN_EMPTY_BODY = YES;
				CLANG_WARN_ENUM_CONVERSION = YES;
				CLANG_WARN_INFINITE_RECURSION = YES;
				CLANG_WARN_INT_CONVERSION = YES;
				CLANG_WARN_NON_LITERAL_NULL_CONVERSION = YES;
				CLANG_WARN_OBJC_IMPLICIT_RETAIN_SELF = YES;
				CLANG_WARN_OBJC_LITERAL_CONVERSION = YES;
				CLANG_WARN_OBJC_ROOT_CLASS = YES_ERROR;
				CLANG_WARN_RANGE_LOOP_ANALYSIS = YES;
				CLANG_WARN_STRICT_PROTOTYPES = YES;
				CLANG_WARN_SUSPICIOUS_MOVE = YES;
				CLANG_WARN_UNGUARDED_AVAILABILITY = YES_AGGRESSIVE;
				CLANG_WARN_UNREACHABLE_CODE = YES;
				CLANG_WARN__DUPLICATE_METHOD_MATCH = YES;
				CODE_SIGN_IDENTITY = "iPhone Developer";
				COPY_PHASE_STRIP = NO;
				DEBUG_INFORMATION_FORMAT = "dwarf-with-dsym";
				ENABLE_NS_ASSERTIONS = NO;
				ENABLE_STRICT_OBJC_MSGSEND = YES;
				GCC_C_LANGUAGE_STANDARD = gnu11;
				GCC_NO_COMMON_BLOCKS = YES;
				GCC_WARN_64_TO_32_BIT_CONVERSION = YES;
				GCC_WARN_ABOUT_RETURN_TYPE = YES_ERROR;
				GCC_WARN_UNDECLARED_SELECTOR = YES;
				GCC_WARN_UNINITIALIZED_AUTOS = YES_AGGRESSIVE;
				GCC_WARN_UNUSED_FUNCTION = YES;
				GCC_WARN_UNUSED_VARIABLE = YES;
				IPHONEOS_DEPLOYMENT_TARGET = 12.1;
				MTL_ENABLE_DEBUG_INFO = NO;
				MTL_FAST_MATH = YES;
				SDKROOT = iphoneos;
				SWIFT_COMPILATION_MODE = wholemodule;
				SWIFT_OPTIMIZATION_LEVEL = "-O";
				VALIDATE_PRODUCT = YES;
			};
			name = Release;
		};
		0420136B22486C0F00FD4E1E /* Debug */ = {
			isa = XCBuildConfiguration;
			buildSettings = {
				ASSETCATALOG_COMPILER_APPICON_NAME = AppIcon;
				CODE_SIGN_STYLE = Manual;
				DEVELOPMENT_TEAM = TMD6A3D429;
				INFOPLIST_FILE = LifeCircle/Info.plist;
				IPHONEOS_DEPLOYMENT_TARGET = 12.0;
				LD_RUNPATH_SEARCH_PATHS = (
					"$(inherited)",
					"@executable_path/Frameworks",
				);
				PRODUCT_BUNDLE_IDENTIFIER = com.smarthomegroup.SmartLife;
				PRODUCT_NAME = "$(TARGET_NAME)";
				PROVISIONING_PROFILE_SPECIFIER = SmartLife_Development;
				SWIFT_VERSION = 4.2;
				TARGETED_DEVICE_FAMILY = 1;
			};
			name = Debug;
		};
		0420136C22486C0F00FD4E1E /* Release */ = {
			isa = XCBuildConfiguration;
			buildSettings = {
				ASSETCATALOG_COMPILER_APPICON_NAME = AppIcon;
				CODE_SIGN_IDENTITY = "iPhone Distribution";
				CODE_SIGN_STYLE = Manual;
				DEVELOPMENT_TEAM = TMD6A3D429;
				INFOPLIST_FILE = LifeCircle/Info.plist;
				IPHONEOS_DEPLOYMENT_TARGET = 12.0;
				LD_RUNPATH_SEARCH_PATHS = (
					"$(inherited)",
					"@executable_path/Frameworks",
				);
				PRODUCT_BUNDLE_IDENTIFIER = com.smarthomegroup.SmartLife;
				PRODUCT_NAME = "$(TARGET_NAME)";
				PROVISIONING_PROFILE_SPECIFIER = "SmartLife_ Distribution";
				SWIFT_VERSION = 4.2;
				TARGETED_DEVICE_FAMILY = 1;
			};
			name = Release;
		};
		0420136E22486C0F00FD4E1E /* Debug */ = {
			isa = XCBuildConfiguration;
			buildSettings = {
				ALWAYS_EMBED_SWIFT_STANDARD_LIBRARIES = YES;
				BUNDLE_LOADER = "$(TEST_HOST)";
				CODE_SIGN_STYLE = Automatic;
				DEVELOPMENT_TEAM = TMD6A3D429;
				INFOPLIST_FILE = LifeCircleTests/Info.plist;
				LD_RUNPATH_SEARCH_PATHS = (
					"$(inherited)",
					"@executable_path/Frameworks",
					"@loader_path/Frameworks",
				);
				PRODUCT_BUNDLE_IDENTIFIER = com.smarthomegroup.LifeCircleTests;
				PRODUCT_NAME = "$(TARGET_NAME)";
				SWIFT_VERSION = 4.2;
				TARGETED_DEVICE_FAMILY = "1,2";
				TEST_HOST = "$(BUILT_PRODUCTS_DIR)/LifeCircle.app/LifeCircle";
			};
			name = Debug;
		};
		0420136F22486C0F00FD4E1E /* Release */ = {
			isa = XCBuildConfiguration;
			buildSettings = {
				ALWAYS_EMBED_SWIFT_STANDARD_LIBRARIES = YES;
				BUNDLE_LOADER = "$(TEST_HOST)";
				CODE_SIGN_STYLE = Automatic;
				DEVELOPMENT_TEAM = TMD6A3D429;
				INFOPLIST_FILE = LifeCircleTests/Info.plist;
				LD_RUNPATH_SEARCH_PATHS = (
					"$(inherited)",
					"@executable_path/Frameworks",
					"@loader_path/Frameworks",
				);
				PRODUCT_BUNDLE_IDENTIFIER = com.smarthomegroup.LifeCircleTests;
				PRODUCT_NAME = "$(TARGET_NAME)";
				SWIFT_VERSION = 4.2;
				TARGETED_DEVICE_FAMILY = "1,2";
				TEST_HOST = "$(BUILT_PRODUCTS_DIR)/LifeCircle.app/LifeCircle";
			};
			name = Release;
		};
		0420137122486C0F00FD4E1E /* Debug */ = {
			isa = XCBuildConfiguration;
			buildSettings = {
				ALWAYS_EMBED_SWIFT_STANDARD_LIBRARIES = YES;
				CODE_SIGN_STYLE = Automatic;
				DEVELOPMENT_TEAM = TMD6A3D429;
				INFOPLIST_FILE = LifeCircleUITests/Info.plist;
				LD_RUNPATH_SEARCH_PATHS = (
					"$(inherited)",
					"@executable_path/Frameworks",
					"@loader_path/Frameworks",
				);
				PRODUCT_BUNDLE_IDENTIFIER = com.smarthomegroup.LifeCircleUITests;
				PRODUCT_NAME = "$(TARGET_NAME)";
				SWIFT_VERSION = 4.2;
				TARGETED_DEVICE_FAMILY = "1,2";
				TEST_TARGET_NAME = LifeCircle;
			};
			name = Debug;
		};
		0420137222486C0F00FD4E1E /* Release */ = {
			isa = XCBuildConfiguration;
			buildSettings = {
				ALWAYS_EMBED_SWIFT_STANDARD_LIBRARIES = YES;
				CODE_SIGN_STYLE = Automatic;
				DEVELOPMENT_TEAM = TMD6A3D429;
				INFOPLIST_FILE = LifeCircleUITests/Info.plist;
				LD_RUNPATH_SEARCH_PATHS = (
					"$(inherited)",
					"@executable_path/Frameworks",
					"@loader_path/Frameworks",
				);
				PRODUCT_BUNDLE_IDENTIFIER = com.smarthomegroup.LifeCircleUITests;
				PRODUCT_NAME = "$(TARGET_NAME)";
				SWIFT_VERSION = 4.2;
				TARGETED_DEVICE_FAMILY = "1,2";
				TEST_TARGET_NAME = LifeCircle;
			};
			name = Release;
		};
/* End XCBuildConfiguration section */

/* Begin XCConfigurationList section */
		0420133D22486C0C00FD4E1E /* Build configuration list for PBXProject "LifeCircle" */ = {
			isa = XCConfigurationList;
			buildConfigurations = (
				0420136822486C0F00FD4E1E /* Debug */,
				0420136922486C0F00FD4E1E /* Release */,
			);
			defaultConfigurationIsVisible = 0;
			defaultConfigurationName = Release;
		};
		0420136A22486C0F00FD4E1E /* Build configuration list for PBXNativeTarget "LifeCircle" */ = {
			isa = XCConfigurationList;
			buildConfigurations = (
				0420136B22486C0F00FD4E1E /* Debug */,
				0420136C22486C0F00FD4E1E /* Release */,
			);
			defaultConfigurationIsVisible = 0;
			defaultConfigurationName = Release;
		};
		0420136D22486C0F00FD4E1E /* Build configuration list for PBXNativeTarget "LifeCircleTests" */ = {
			isa = XCConfigurationList;
			buildConfigurations = (
				0420136E22486C0F00FD4E1E /* Debug */,
				0420136F22486C0F00FD4E1E /* Release */,
			);
			defaultConfigurationIsVisible = 0;
			defaultConfigurationName = Release;
		};
		0420137022486C0F00FD4E1E /* Build configuration list for PBXNativeTarget "LifeCircleUITests" */ = {
			isa = XCConfigurationList;
			buildConfigurations = (
				0420137122486C0F00FD4E1E /* Debug */,
				0420137222486C0F00FD4E1E /* Release */,
			);
			defaultConfigurationIsVisible = 0;
			defaultConfigurationName = Release;
		};
/* End XCConfigurationList section */
	};
	rootObject = 0420133A22486C0C00FD4E1E /* Project object */;
}
